// !$*UTF8*$!
{
	archiveVersion = 1;
	classes = {
	};
	objectVersion = 56;
	objects = {

/* Begin PBXBuildFile section */
		B5DD9DC928FEFD6D000A380C /* AppDelegate.swift in Sources */ = {isa = PBXBuildFile; fileRef = B5DD9DC828FEFD6D000A380C /* AppDelegate.swift */; };
		B5DD9DCB28FEFD6D000A380C /* SceneDelegate.swift in Sources */ = {isa = PBXBuildFile; fileRef = B5DD9DCA28FEFD6D000A380C /* SceneDelegate.swift */; };
		B5DD9DCD28FEFD6D000A380C /* ViewController.swift in Sources */ = {isa = PBXBuildFile; fileRef = B5DD9DCC28FEFD6D000A380C /* ViewController.swift */; };
		B5DD9DD028FEFD6D000A380C /* Main.storyboard in Resources */ = {isa = PBXBuildFile; fileRef = B5DD9DCE28FEFD6D000A380C /* Main.storyboard */; };
		B5DD9DD228FEFD6E000A380C /* Assets.xcassets in Resources */ = {isa = PBXBuildFile; fileRef = B5DD9DD128FEFD6E000A380C /* Assets.xcassets */; };
		B5DD9DD528FEFD6E000A380C /* LaunchScreen.storyboard in Resources */ = {isa = PBXBuildFile; fileRef = B5DD9DD328FEFD6E000A380C /* LaunchScreen.storyboard */; };
		B5DD9DDD28FEFD83000A380C /* jsonviewer.json in Resources */ = {isa = PBXBuildFile; fileRef = B5DD9DDC28FEFD83000A380C /* jsonviewer.json */; };
		B5DD9DDF28FF16DA000A380C /* CustomCollectionView.swift in Sources */ = {isa = PBXBuildFile; fileRef = B5DD9DDE28FF16DA000A380C /* CustomCollectionView.swift */; };
		B5DD9DE128FF182C000A380C /* DataModel.swift in Sources */ = {isa = PBXBuildFile; fileRef = B5DD9DE028FF182C000A380C /* DataModel.swift */; };
		B5DD9DE328FF18C5000A380C /* CustomCollectionViewCell.swift in Sources */ = {isa = PBXBuildFile; fileRef = B5DD9DE228FF18C5000A380C /* CustomCollectionViewCell.swift */; };
		B5DD9DE728FF33EB000A380C /* Constants.swift in Sources */ = {isa = PBXBuildFile; fileRef = B5DD9DE628FF33EB000A380C /* Constants.swift */; };
		B5DD9DEC29000F7D000A380C /* JSONManager.swift in Sources */ = {isa = PBXBuildFile; fileRef = B5DD9DEB29000F7D000A380C /* JSONManager.swift */; };
		B5DD9DF329002B11000A380C /* LoadImage.swift in Sources */ = {isa = PBXBuildFile; fileRef = B5DD9DF229002B11000A380C /* LoadImage.swift */; };
		B5DD9DFA29014528000A380C /* FirstCollectionView.swift in Sources */ = {isa = PBXBuildFile; fileRef = B5DD9DF929014528000A380C /* FirstCollectionView.swift */; };
		B5DD9DFD29014803000A380C /* SecondCollectionView.swift in Sources */ = {isa = PBXBuildFile; fileRef = B5DD9DFC29014803000A380C /* SecondCollectionView.swift */; };
		B5DD9DFF29014849000A380C /* ThirdCollectionView.swift in Sources */ = {isa = PBXBuildFile; fileRef = B5DD9DFE29014849000A380C /* ThirdCollectionView.swift */; };
		B5DD9E0129014891000A380C /* FourthCollectionView.swift in Sources */ = {isa = PBXBuildFile; fileRef = B5DD9E0029014891000A380C /* FourthCollectionView.swift */; };
		B5DD9E0C2901580B000A380C /* UILabel.swift in Sources */ = {isa = PBXBuildFile; fileRef = B5DD9E0B2901580B000A380C /* UILabel.swift */; };
		B5DD9E0E29016495000A380C /* UrlImages.swift in Sources */ = {isa = PBXBuildFile; fileRef = B5DD9E0D29016495000A380C /* UrlImages.swift */; };
/* End PBXBuildFile section */

/* Begin PBXFileReference section */
		B5DD9DC528FEFD6D000A380C /* TestTask.app */ = {isa = PBXFileReference; explicitFileType = wrapper.application; includeInIndex = 0; path = TestTask.app; sourceTree = BUILT_PRODUCTS_DIR; };
		B5DD9DC828FEFD6D000A380C /* AppDelegate.swift */ = {isa = PBXFileReference; lastKnownFileType = sourcecode.swift; path = AppDelegate.swift; sourceTree = "<group>"; };
		B5DD9DCA28FEFD6D000A380C /* SceneDelegate.swift */ = {isa = PBXFileReference; lastKnownFileType = sourcecode.swift; path = SceneDelegate.swift; sourceTree = "<group>"; };
		B5DD9DCC28FEFD6D000A380C /* ViewController.swift */ = {isa = PBXFileReference; lastKnownFileType = sourcecode.swift; path = ViewController.swift; sourceTree = "<group>"; };
		B5DD9DCF28FEFD6D000A380C /* Base */ = {isa = PBXFileReference; lastKnownFileType = file.storyboard; name = Base; path = Base.lproj/Main.storyboard; sourceTree = "<group>"; };
		B5DD9DD128FEFD6E000A380C /* Assets.xcassets */ = {isa = PBXFileReference; lastKnownFileType = folder.assetcatalog; path = Assets.xcassets; sourceTree = "<group>"; };
		B5DD9DD428FEFD6E000A380C /* Base */ = {isa = PBXFileReference; lastKnownFileType = file.storyboard; name = Base; path = Base.lproj/LaunchScreen.storyboard; sourceTree = "<group>"; };
		B5DD9DD628FEFD6E000A380C /* Info.plist */ = {isa = PBXFileReference; lastKnownFileType = text.plist.xml; path = Info.plist; sourceTree = "<group>"; };
		B5DD9DDC28FEFD83000A380C /* jsonviewer.json */ = {isa = PBXFileReference; fileEncoding = 4; lastKnownFileType = text.json; path = jsonviewer.json; sourceTree = "<group>"; };
		B5DD9DDE28FF16DA000A380C /* CustomCollectionView.swift */ = {isa = PBXFileReference; lastKnownFileType = sourcecode.swift; path = CustomCollectionView.swift; sourceTree = "<group>"; };
		B5DD9DE028FF182C000A380C /* DataModel.swift */ = {isa = PBXFileReference; lastKnownFileType = sourcecode.swift; path = DataModel.swift; sourceTree = "<group>"; };
		B5DD9DE228FF18C5000A380C /* CustomCollectionViewCell.swift */ = {isa = PBXFileReference; lastKnownFileType = sourcecode.swift; path = CustomCollectionViewCell.swift; sourceTree = "<group>"; };
		B5DD9DE628FF33EB000A380C /* Constants.swift */ = {isa = PBXFileReference; lastKnownFileType = sourcecode.swift; path = Constants.swift; sourceTree = "<group>"; };
		B5DD9DEB29000F7D000A380C /* JSONManager.swift */ = {isa = PBXFileReference; lastKnownFileType = sourcecode.swift; path = JSONManager.swift; sourceTree = "<group>"; };
		B5DD9DF229002B11000A380C /* LoadImage.swift */ = {isa = PBXFileReference; lastKnownFileType = sourcecode.swift; path = LoadImage.swift; sourceTree = "<group>"; };
		B5DD9DF929014528000A380C /* FirstCollectionView.swift */ = {isa = PBXFileReference; lastKnownFileType = sourcecode.swift; path = FirstCollectionView.swift; sourceTree = "<group>"; };
		B5DD9DFC29014803000A380C /* SecondCollectionView.swift */ = {isa = PBXFileReference; lastKnownFileType = sourcecode.swift; path = SecondCollectionView.swift; sourceTree = "<group>"; };
		B5DD9DFE29014849000A380C /* ThirdCollectionView.swift */ = {isa = PBXFileReference; lastKnownFileType = sourcecode.swift; path = ThirdCollectionView.swift; sourceTree = "<group>"; };
		B5DD9E0029014891000A380C /* FourthCollectionView.swift */ = {isa = PBXFileReference; lastKnownFileType = sourcecode.swift; path = FourthCollectionView.swift; sourceTree = "<group>"; };
		B5DD9E0B2901580B000A380C /* UILabel.swift */ = {isa = PBXFileReference; lastKnownFileType = sourcecode.swift; path = UILabel.swift; sourceTree = "<group>"; };
		B5DD9E0D29016495000A380C /* UrlImages.swift */ = {isa = PBXFileReference; lastKnownFileType = sourcecode.swift; path = UrlImages.swift; sourceTree = "<group>"; };
/* End PBXFileReference section */

/* Begin PBXFrameworksBuildPhase section */
		B5DD9DC228FEFD6D000A380C /* Frameworks */ = {
			isa = PBXFrameworksBuildPhase;
			buildActionMask = 2147483647;
			files = (
			);
			runOnlyForDeploymentPostprocessing = 0;
		};
/* End PBXFrameworksBuildPhase section */

/* Begin PBXGroup section */
		B5DD9DBC28FEFD6D000A380C = {
			isa = PBXGroup;
			children = (
				B5DD9DC728FEFD6D000A380C /* TestTask */,
				B5DD9DC628FEFD6D000A380C /* Products */,
			);
			sourceTree = "<group>";
		};
		B5DD9DC628FEFD6D000A380C /* Products */ = {
			isa = PBXGroup;
			children = (
				B5DD9DC528FEFD6D000A380C /* TestTask.app */,
			);
			name = Products;
			sourceTree = "<group>";
		};
		B5DD9DC728FEFD6D000A380C /* TestTask */ = {
			isa = PBXGroup;
			children = (
				B5DD9DF429002B17000A380C /* Extensions */,
				B5DD9DF029002A0E000A380C /* SupportFiles */,
				B5DD9DF129002A1E000A380C /* MainViewController */,
				B5DD9DEA28FF3483000A380C /* CustomCollectionView */,
				B5DD9DEF290029ED000A380C /* JSONManager */,
				B5DD9DCE28FEFD6D000A380C /* Main.storyboard */,
				B5DD9DD128FEFD6E000A380C /* Assets.xcassets */,
				B5DD9DD328FEFD6E000A380C /* LaunchScreen.storyboard */,
				B5DD9DD628FEFD6E000A380C /* Info.plist */,
				B5DD9DDC28FEFD83000A380C /* jsonviewer.json */,
			);
			path = TestTask;
			sourceTree = "<group>";
		};
		B5DD9DEA28FF3483000A380C /* CustomCollectionView */ = {
			isa = PBXGroup;
			children = (
				B5DD9DDE28FF16DA000A380C /* CustomCollectionView.swift */,
				B5DD9DE228FF18C5000A380C /* CustomCollectionViewCell.swift */,
				B5DD9DE628FF33EB000A380C /* Constants.swift */,
				B5DD9DFB2901452E000A380C /* CreateCollectionViews */,
			);
			path = CustomCollectionView;
			sourceTree = "<group>";
		};
		B5DD9DEF290029ED000A380C /* JSONManager */ = {
			isa = PBXGroup;
			children = (
				B5DD9DEB29000F7D000A380C /* JSONManager.swift */,
				B5DD9DE028FF182C000A380C /* DataModel.swift */,
				B5DD9E0D29016495000A380C /* UrlImages.swift */,
			);
			path = JSONManager;
			sourceTree = "<group>";
		};
		B5DD9DF029002A0E000A380C /* SupportFiles */ = {
			isa = PBXGroup;
			children = (
				B5DD9DC828FEFD6D000A380C /* AppDelegate.swift */,
				B5DD9DCA28FEFD6D000A380C /* SceneDelegate.swift */,
			);
			path = SupportFiles;
			sourceTree = "<group>";
		};
		B5DD9DF129002A1E000A380C /* MainViewController */ = {
			isa = PBXGroup;
			children = (
				B5DD9DCC28FEFD6D000A380C /* ViewController.swift */,
			);
			path = MainViewController;
			sourceTree = "<group>";
		};
		B5DD9DF429002B17000A380C /* Extensions */ = {
			isa = PBXGroup;
			children = (
				B5DD9DF229002B11000A380C /* LoadImage.swift */,
				B5DD9E0B2901580B000A380C /* UILabel.swift */,
			);
			path = Extensions;
			sourceTree = "<group>";
		};
		B5DD9DFB2901452E000A380C /* CreateCollectionViews */ = {
			isa = PBXGroup;
			children = (
				B5DD9DF929014528000A380C /* FirstCollectionView.swift */,
				B5DD9DFC29014803000A380C /* SecondCollectionView.swift */,
				B5DD9DFE29014849000A380C /* ThirdCollectionView.swift */,
				B5DD9E0029014891000A380C /* FourthCollectionView.swift */,
			);
			path = CreateCollectionViews;
			sourceTree = "<group>";
		};
/* End PBXGroup section */

/* Begin PBXNativeTarget section */
		B5DD9DC428FEFD6D000A380C /* TestTask */ = {
			isa = PBXNativeTarget;
			buildConfigurationList = B5DD9DD928FEFD6E000A380C /* Build configuration list for PBXNativeTarget "TestTask" */;
			buildPhases = (
				B5DD9DC128FEFD6D000A380C /* Sources */,
				B5DD9DC228FEFD6D000A380C /* Frameworks */,
				B5DD9DC328FEFD6D000A380C /* Resources */,
			);
			buildRules = (
			);
			dependencies = (
			);
			name = TestTask;
			productName = TestTask;
			productReference = B5DD9DC528FEFD6D000A380C /* TestTask.app */;
			productType = "com.apple.product-type.application";
		};
/* End PBXNativeTarget section */

/* Begin PBXProject section */
		B5DD9DBD28FEFD6D000A380C /* Project object */ = {
			isa = PBXProject;
			attributes = {
				BuildIndependentTargetsInParallel = 1;
				LastSwiftUpdateCheck = 1400;
				LastUpgradeCheck = 1400;
				TargetAttributes = {
					B5DD9DC428FEFD6D000A380C = {
						CreatedOnToolsVersion = 14.0.1;
					};
				};
			};
			buildConfigurationList = B5DD9DC028FEFD6D000A380C /* Build configuration list for PBXProject "TestTask" */;
			compatibilityVersion = "Xcode 14.0";
			developmentRegion = en;
			hasScannedForEncodings = 0;
			knownRegions = (
				en,
				Base,
			);
			mainGroup = B5DD9DBC28FEFD6D000A380C;
			productRefGroup = B5DD9DC628FEFD6D000A380C /* Products */;
			projectDirPath = "";
			projectRoot = "";
			targets = (
				B5DD9DC428FEFD6D000A380C /* TestTask */,
			);
		};
/* End PBXProject section */

/* Begin PBXResourcesBuildPhase section */
		B5DD9DC328FEFD6D000A380C /* Resources */ = {
			isa = PBXResourcesBuildPhase;
			buildActionMask = 2147483647;
			files = (
				B5DD9DD528FEFD6E000A380C /* LaunchScreen.storyboard in Resources */,
				B5DD9DD228FEFD6E000A380C /* Assets.xcassets in Resources */,
				B5DD9DD028FEFD6D000A380C /* Main.storyboard in Resources */,
				B5DD9DDD28FEFD83000A380C /* jsonviewer.json in Resources */,
			);
			runOnlyForDeploymentPostprocessing = 0;
		};
/* End PBXResourcesBuildPhase section */

/* Begin PBXSourcesBuildPhase section */
		B5DD9DC128FEFD6D000A380C /* Sources */ = {
			isa = PBXSourcesBuildPhase;
			buildActionMask = 2147483647;
			files = (
				B5DD9DCD28FEFD6D000A380C /* ViewController.swift in Sources */,
				B5DD9DC928FEFD6D000A380C /* AppDelegate.swift in Sources */,
				B5DD9DE328FF18C5000A380C /* CustomCollectionViewCell.swift in Sources */,
				B5DD9E0E29016495000A380C /* UrlImages.swift in Sources */,
				B5DD9DE128FF182C000A380C /* DataModel.swift in Sources */,
				B5DD9DE728FF33EB000A380C /* Constants.swift in Sources */,
				B5DD9DDF28FF16DA000A380C /* CustomCollectionView.swift in Sources */,
				B5DD9DF329002B11000A380C /* LoadImage.swift in Sources */,
				B5DD9DFD29014803000A380C /* SecondCollectionView.swift in Sources */,
				B5DD9DEC29000F7D000A380C /* JSONManager.swift in Sources */,
				B5DD9E0C2901580B000A380C /* UILabel.swift in Sources */,
				B5DD9DFA29014528000A380C /* FirstCollectionView.swift in Sources */,
				B5DD9DFF29014849000A380C /* ThirdCollectionView.swift in Sources */,
				B5DD9E0129014891000A380C /* FourthCollectionView.swift in Sources */,
				B5DD9DCB28FEFD6D000A380C /* SceneDelegate.swift in Sources */,
			);
			runOnlyForDeploymentPostprocessing = 0;
		};
/* End PBXSourcesBuildPhase section */

/* Begin PBXVariantGroup section */
		B5DD9DCE28FEFD6D000A380C /* Main.storyboard */ = {
			isa = PBXVariantGroup;
			children = (
				B5DD9DCF28FEFD6D000A380C /* Base */,
			);
			name = Main.storyboard;
			sourceTree = "<group>";
		};
		B5DD9DD328FEFD6E000A380C /* LaunchScreen.storyboard */ = {
			isa = PBXVariantGroup;
			children = (
				B5DD9DD428FEFD6E000A380C /* Base */,
			);
			name = LaunchScreen.storyboard;
			sourceTree = "<group>";
		};
/* End PBXVariantGroup section */

/* Begin XCBuildConfiguration section */
		B5DD9DD728FEFD6E000A380C /* Debug */ = {
			isa = XCBuildConfiguration;
			buildSettings = {
				ALWAYS_SEARCH_USER_PATHS = NO;
				CLANG_ANALYZER_NONNULL = YES;
				CLANG_ANALYZER_NUMBER_OBJECT_CONVERSION = YES_AGGRESSIVE;
				CLANG_CXX_LANGUAGE_STANDARD = "gnu++20";
				CLANG_ENABLE_MODULES = YES;
				CLANG_ENABLE_OBJC_ARC = YES;
				CLANG_ENABLE_OBJC_WEAK = YES;
				CLANG_WARN_BLOCK_CAPTURE_AUTORELEASING = YES;
				CLANG_WARN_BOOL_CONVERSION = YES;
				CLANG_WARN_COMMA = YES;
				CLANG_WARN_CONSTANT_CONVERSION = YES;
				CLANG_WARN_DEPRECATED_OBJC_IMPLEMENTATIONS = YES;
				CLANG_WARN_DIRECT_OBJC_ISA_USAGE = YES_ERROR;
				CLANG_WARN_DOCUMENTATION_COMMENTS = YES;
				CLANG_WARN_EMPTY_BODY = YES;
				CLANG_WARN_ENUM_CONVERSION = YES;
				CLANG_WARN_INFINITE_RECURSION = YES;
				CLANG_WARN_INT_CONVERSION = YES;
				CLANG_WARN_NON_LITERAL_NULL_CONVERSION = YES;
				CLANG_WARN_OBJC_IMPLICIT_RETAIN_SELF = YES;
				CLANG_WARN_OBJC_LITERAL_CONVERSION = YES;
				CLANG_WARN_OBJC_ROOT_CLASS = YES_ERROR;
				CLANG_WARN_QUOTED_INCLUDE_IN_FRAMEWORK_HEADER = YES;
				CLANG_WARN_RANGE_LOOP_ANALYSIS = YES;
				CLANG_WARN_STRICT_PROTOTYPES = YES;
				CLANG_WARN_SUSPICIOUS_MOVE = YES;
				CLANG_WARN_UNGUARDED_AVAILABILITY = YES_AGGRESSIVE;
				CLANG_WARN_UNREACHABLE_CODE = YES;
				CLANG_WARN__DUPLICATE_METHOD_MATCH = YES;
				COPY_PHASE_STRIP = NO;
				DEBUG_INFORMATION_FORMAT = dwarf;
				ENABLE_STRICT_OBJC_MSGSEND = YES;
				ENABLE_TESTABILITY = YES;
				GCC_C_LANGUAGE_STANDARD = gnu11;
				GCC_DYNAMIC_NO_PIC = NO;
				GCC_NO_COMMON_BLOCKS = YES;
				GCC_OPTIMIZATION_LEVEL = 0;
				GCC_PREPROCESSOR_DEFINITIONS = (
					"DEBUG=1",
					"$(inherited)",
				);
				GCC_WARN_64_TO_32_BIT_CONVERSION = YES;
				GCC_WARN_ABOUT_RETURN_TYPE = YES_ERROR;
				GCC_WARN_UNDECLARED_SELECTOR = YES;
				GCC_WARN_UNINITIALIZED_AUTOS = YES_AGGRESSIVE;
				GCC_WARN_UNUSED_FUNCTION = YES;
				GCC_WARN_UNUSED_VARIABLE = YES;
				IPHONEOS_DEPLOYMENT_TARGET = 16.0;
				MTL_ENABLE_DEBUG_INFO = INCLUDE_SOURCE;
				MTL_FAST_MATH = YES;
				ONLY_ACTIVE_ARCH = YES;
				SDKROOT = iphoneos;
				SWIFT_ACTIVE_COMPILATION_CONDITIONS = DEBUG;
				SWIFT_OPTIMIZATION_LEVEL = "-Onone";
			};
			name = Debug;
		};
		B5DD9DD828FEFD6E000A380C /* Release */ = {
			isa = XCBuildConfiguration;
			buildSettings = {
				ALWAYS_SEARCH_USER_PATHS = NO;
				CLANG_ANALYZER_NONNULL = YES;
				CLANG_ANALYZER_NUMBER_OBJECT_CONVERSION = YES_AGGRESSIVE;
				CLANG_CXX_LANGUAGE_STANDARD = "gnu++20";
				CLANG_ENABLE_MODULES = YES;
				CLANG_ENABLE_OBJC_ARC = YES;
				CLANG_ENABLE_OBJC_WEAK = YES;
				CLANG_WARN_BLOCK_CAPTURE_AUTORELEASING = YES;
				CLANG_WARN_BOOL_CONVERSION = YES;
				CLANG_WARN_COMMA = YES;
				CLANG_WARN_CONSTANT_CONVERSION = YES;
				CLANG_WARN_DEPRECATED_OBJC_IMPLEMENTATIONS = YES;
				CLANG_WARN_DIRECT_OBJC_ISA_USAGE = YES_ERROR;
				CLANG_WARN_DOCUMENTATION_COMMENTS = YES;
				CLANG_WARN_EMPTY_BODY = YES;
				CLANG_WARN_ENUM_CONVERSION = YES;
				CLANG_WARN_INFINITE_RECURSION = YES;
				CLANG_WARN_INT_CONVERSION = YES;
				CLANG_WARN_NON_LITERAL_NULL_CONVERSION = YES;
				CLANG_WARN_OBJC_IMPLICIT_RETAIN_SELF = YES;
				CLANG_WARN_OBJC_LITERAL_CONVERSION = YES;
				CLANG_WARN_OBJC_ROOT_CLASS = YES_ERROR;
				CLANG_WARN_QUOTED_INCLUDE_IN_FRAMEWORK_HEADER = YES;
				CLANG_WARN_RANGE_LOOP_ANALYSIS = YES;
				CLANG_WARN_STRICT_PROTOTYPES = YES;
				CLANG_WARN_SUSPICIOUS_MOVE = YES;
				CLANG_WARN_UNGUARDED_AVAILABILITY = YES_AGGRESSIVE;
				CLANG_WARN_UNREACHABLE_CODE = YES;
				CLANG_WARN__DUPLICATE_METHOD_MATCH = YES;
				COPY_PHASE_STRIP = NO;
				DEBUG_INFORMATION_FORMAT = "dwarf-with-dsym";
				ENABLE_NS_ASSERTIONS = NO;
				ENABLE_STRICT_OBJC_MSGSEND = YES;
				GCC_C_LANGUAGE_STANDARD = gnu11;
				GCC_NO_COMMON_BLOCKS = YES;
				GCC_WARN_64_TO_32_BIT_CONVERSION = YES;
				GCC_WARN_ABOUT_RETURN_TYPE = YES_ERROR;
				GCC_WARN_UNDECLARED_SELECTOR = YES;
				GCC_WARN_UNINITIALIZED_AUTOS = YES_AGGRESSIVE;
				GCC_WARN_UNUSED_FUNCTION = YES;
				GCC_WARN_UNUSED_VARIABLE = YES;
				IPHONEOS_DEPLOYMENT_TARGET = 16.0;
				MTL_ENABLE_DEBUG_INFO = NO;
				MTL_FAST_MATH = YES;
				SDKROOT = iphoneos;
				SWIFT_COMPILATION_MODE = wholemodule;
				SWIFT_OPTIMIZATION_LEVEL = "-O";
				VALIDATE_PRODUCT = YES;
			};
			name = Release;
		};
		B5DD9DDA28FEFD6E000A380C /* Debug */ = {
			isa = XCBuildConfiguration;
			buildSettings = {
				ASSETCATALOG_COMPILER_APPICON_NAME = AppIcon;
				ASSETCATALOG_COMPILER_GLOBAL_ACCENT_COLOR_NAME = AccentColor;
				CODE_SIGN_STYLE = Automatic;
				CURRENT_PROJECT_VERSION = 1;
				DEVELOPMENT_TEAM = W87MFURSJ5;
				GENERATE_INFOPLIST_FILE = YES;
				INFOPLIST_FILE = TestTask/Info.plist;
				INFOPLIST_KEY_UIApplicationSupportsIndirectInputEvents = YES;
				INFOPLIST_KEY_UILaunchStoryboardName = LaunchScreen;
				INFOPLIST_KEY_UIMainStoryboardFile = Main;
				INFOPLIST_KEY_UISupportedInterfaceOrientations = UIInterfaceOrientationPortrait;
				INFOPLIST_KEY_UISupportedInterfaceOrientations_iPad = "UIInterfaceOrientationLandscapeLeft UIInterfaceOrientationLandscapeRight UIInterfaceOrientationPortrait UIInterfaceOrientationPortraitUpsideDown";
				LD_RUNPATH_SEARCH_PATHS = (
					"$(inherited)",
					"@executable_path/Frameworks",
				);
				MARKETING_VERSION = 1.0;
				PRODUCT_BUNDLE_IDENTIFIER = Komigen.TestTask;
				PRODUCT_NAME = "$(TARGET_NAME)";
				SUPPORTED_PLATFORMS = "iphoneos iphonesimulator";
				SUPPORTS_MACCATALYST = NO;
				SUPPORTS_MAC_DESIGNED_FOR_IPHONE_IPAD = YES;
				SWIFT_EMIT_LOC_STRINGS = YES;
				SWIFT_VERSION = 5.0;
				TARGETED_DEVICE_FAMILY = 1;
			};
			name = Debug;
		};
		B5DD9DDB28FEFD6E000A380C /* Release */ = {
			isa = XCBuildConfiguration;
			buildSettings = {
				ASSETCATALOG_COMPILER_APPICON_NAME = AppIcon;
				ASSETCATALOG_COMPILER_GLOBAL_ACCENT_COLOR_NAME = AccentColor;
				CODE_SIGN_STYLE = Automatic;
				CURRENT_PROJECT_VERSION = 1;
				DEVELOPMENT_TEAM = W87MFURSJ5;
				GENERATE_INFOPLIST_FILE = YES;
				INFOPLIST_FILE = TestTask/Info.plist;
				INFOPLIST_KEY_UIApplicationSupportsIndirectInputEvents = YES;
				INFOPLIST_KEY_UILaunchStoryboardName = LaunchScreen;
				INFOPLIST_KEY_UIMainStoryboardFile = Main;
				INFOPLIST_KEY_UISupportedInterfaceOrientations = UIInterfaceOrientationPortrait;
				INFOPLIST_KEY_UISupportedInterfaceOrientations_iPad = "UIInterfaceOrientationLandscapeLeft UIInterfaceOrientationLandscapeRight UIInterfaceOrientationPortrait UIInterfaceOrientationPortraitUpsideDown";
				LD_RUNPATH_SEARCH_PATHS = (
					"$(inherited)",
					"@executable_path/Frameworks",
				);
				MARKETING_VERSION = 1.0;
				PRODUCT_BUNDLE_IDENTIFIER = Komigen.TestTask;
				PRODUCT_NAME = "$(TARGET_NAME)";
				SUPPORTED_PLATFORMS = "iphoneos iphonesimulator";
				SUPPORTS_MACCATALYST = NO;
				SUPPORTS_MAC_DESIGNED_FOR_IPHONE_IPAD = YES;
				SWIFT_EMIT_LOC_STRINGS = YES;
				SWIFT_VERSION = 5.0;
				TARGETED_DEVICE_FAMILY = 1;
			};
			name = Release;
		};
/* End XCBuildConfiguration section */

/* Begin XCConfigurationList section */
		B5DD9DC028FEFD6D000A380C /* Build configuration list for PBXProject "TestTask" */ = {
			isa = XCConfigurationList;
			buildConfigurations = (
				B5DD9DD728FEFD6E000A380C /* Debug */,
				B5DD9DD828FEFD6E000A380C /* Release */,
			);
			defaultConfigurationIsVisible = 0;
			defaultConfigurationName = Release;
		};
		B5DD9DD928FEFD6E000A380C /* Build configuration list for PBXNativeTarget "TestTask" */ = {
			isa = XCConfigurationList;
			buildConfigurations = (
				B5DD9DDA28FEFD6E000A380C /* Debug */,
				B5DD9DDB28FEFD6E000A380C /* Release */,
			);
			defaultConfigurationIsVisible = 0;
			defaultConfigurationName = Release;
		};
/* End XCConfigurationList section */
	};
	rootObject = B5DD9DBD28FEFD6D000A380C /* Project object */;
}
